
Microsoft Visual Studio Solution File, Format Version 12.00
# Visual Studio 15
VisualStudioVersion = 15.0.27130.2036
MinimumVisualStudioVersion = 10.0.40219.1
Project("{FAE04EC0-301F-11D3-BF4B-00C04F79EFBC}") = "ColorsImage", "ColorsImage\ColorsImage.csproj", "{EDEBA745-4791-4527-81D2-6B9D01B0F740}"
EndProject
Project("{FAE04EC0-301F-11D3-BF4B-00C04F79EFBC}") = "ColorsImage.Test", "ColorsImage.Test\ColorsImage.Test.csproj", "{3989E4D1-D86E-4B9F-A191-185ED87D8426}"
EndProject
Project("{FAE04EC0-301F-11D3-BF4B-00C04F79EFBC}") = "ColorsImage.ConsoleApp", "ColorsImage.ConsoleApp\ColorsImage.ConsoleApp.csproj", "{40EFBB3C-0716-4D20-BB1E-BAAD49E24EEA}"
EndProject
Project("{9A19103F-16F7-4668-BE54-9A1E7A4F7556}") = "CliWrap", "CliWrap\CliWrap.csproj", "{0DF7DDB3-82F0-4AA0-8F64-12C5EC375481}"
EndProject
Global
	GlobalSection(SolutionConfigurationPlatforms) = preSolution
		Debug|Any CPU = Debug|Any CPU
		Release|Any CPU = Release|Any CPU
	EndGlobalSection
	GlobalSection(ProjectConfigurationPlatforms) = postSolution
		{EDEBA745-4791-4527-81D2-6B9D01B0F740}.Debug|Any CPU.ActiveCfg = Debug|Any CPU
		{EDEBA745-4791-4527-81D2-6B9D01B0F740}.Debug|Any CPU.Build.0 = Debug|Any CPU
		{EDEBA745-4791-4527-81D2-6B9D01B0F740}.Release|Any CPU.ActiveCfg = Release|Any CPU
		{EDEBA745-4791-4527-81D2-6B9D01B0F740}.Release|Any CPU.Build.0 = Release|Any CPU
		{3989E4D1-D86E-4B9F-A191-185ED87D8426}.Debug|Any CPU.ActiveCfg = Debug|Any CPU
		{3989E4D1-D86E-4B9F-A191-185ED87D8426}.Debug|Any CPU.Build.0 = Debug|Any CPU
		{3989E4D1-D86E-4B9F-A191-185ED87D8426}.Release|Any CPU.ActiveCfg = Release|Any CPU
		{3989E4D1-D86E-4B9F-A191-185ED87D8426}.Release|Any CPU.Build.0 = Release|Any CPU
		{40EFBB3C-0716-4D20-BB1E-BAAD49E24EEA}.Debug|Any CPU.ActiveCfg = Debug|Any CPU
		{40EFBB3C-0716-4D20-BB1E-BAAD49E24EEA}.Debug|Any CPU.Build.0 = Debug|Any CPU
		{40EFBB3C-0716-4D20-BB1E-BAAD49E24EEA}.Release|Any CPU.ActiveCfg = Release|Any CPU
		{40EFBB3C-0716-4D20-BB1E-BAAD49E24EEA}.Release|Any CPU.Build.0 = Release|Any CPU
		{0DF7DDB3-82F0-4AA0-8F64-12C5EC375481}.Debug|Any CPU.ActiveCfg = Debug|Any CPU
		{0DF7DDB3-82F0-4AA0-8F64-12C5EC375481}.Debug|Any CPU.Build.0 = Debug|Any CPU
		{0DF7DDB3-82F0-4AA0-8F64-12C5EC375481}.Release|Any CPU.ActiveCfg = Release|Any CPU
		{0DF7DDB3-82F0-4AA0-8F64-12C5EC375481}.Release|Any CPU.Build.0 = Release|Any CPU
	EndGlobalSection
	GlobalSection(SolutionProperties) = preSolution
		HideSolutionNode = FALSE
	EndGlobalSection
	GlobalSection(ExtensibilityGlobals) = postSolution
		SolutionGuid = {214CAFD0-2687-4E85-B9BA-42C9887BDF0B}
	EndGlobalSection
EndGlobal
